
Microsoft Visual Studio Solution File, Format Version 12.00
# Visual Studio 15
VisualStudioVersion = 15.0.28307.136
MinimumVisualStudioVersion = 10.0.40219.1
Project("{FAE04EC0-301F-11D3-BF4B-00C04F79EFBC}") = "cSharpLab", "cSharpLab\cSharpLab.csproj", "{5BCA7442-D0A9-4DD7-9851-3BC21625765A}"
EndProject
Global
	GlobalSection(SolutionConfigurationPlatforms) = preSolution
		Debug|Any CPU = Debug|Any CPU
		Release|Any CPU = Release|Any CPU
	EndGlobalSection
	GlobalSection(ProjectConfigurationPlatforms) = postSolution
		{5BCA7442-D0A9-4DD7-9851-3BC21625765A}.Debug|Any CPU.ActiveCfg = Debug|Any CPU
		{5BCA7442-D0A9-4DD7-9851-3BC21625765A}.Debug|Any CPU.Build.0 = Debug|Any CPU
		{5BCA7442-D0A9-4DD7-9851-3BC21625765A}.Release|Any CPU.ActiveCfg = Release|Any CPU
		{5BCA7442-D0A9-4DD7-9851-3BC21625765A}.Release|Any CPU.Build.0 = Release|Any CPU
	EndGlobalSection
	GlobalSection(SolutionProperties) = preSolution
		HideSolutionNode = FALSE
	EndGlobalSection
	GlobalSection(ExtensibilityGlobals) = postSolution
		SolutionGuid = {5A272BD0-07C4-4591-B2D2-989A489CA1BE}
	EndGlobalSection
EndGlobal
